
Microsoft Visual Studio Solution File, Format Version 12.00
# Visual Studio 2013
VisualStudioVersion = 12.0.40629.0
MinimumVisualStudioVersion = 10.0.40219.1
Project("{8BC9CEB8-8B4A-11D0-8D11-00A0C91BC942}") = "one_process", "one_process\one_process.vcxproj", "{046F0185-971B-4CD6-A7A6-177E808290B6}"
EndProject
Project("{8BC9CEB8-8B4A-11D0-8D11-00A0C91BC942}") = "pdf_box", "pdf_box\pdf_box.vcxproj", "{7FE2E820-6643-4B1D-8374-C369093478EB}"
EndProject
Global
	GlobalSection(SolutionConfigurationPlatforms) = preSolution
		Debug|Win32 = Debug|Win32
		Debug|x64 = Debug|x64
		Release|Win32 = Release|Win32
		Release|x64 = Release|x64
	EndGlobalSection
	GlobalSection(ProjectConfigurationPlatforms) = postSolution
		{046F0185-971B-4CD6-A7A6-177E808290B6}.Debug|Win32.ActiveCfg = Debug|Win32
		{046F0185-971B-4CD6-A7A6-177E808290B6}.Debug|Win32.Build.0 = Debug|Win32
		{046F0185-971B-4CD6-A7A6-177E808290B6}.Debug|x64.ActiveCfg = Debug|x64
		{046F0185-971B-4CD6-A7A6-177E808290B6}.Debug|x64.Build.0 = Debug|x64
		{046F0185-971B-4CD6-A7A6-177E808290B6}.Release|Win32.ActiveCfg = Release|Win32
		{046F0185-971B-4CD6-A7A6-177E808290B6}.Release|Win32.Build.0 = Release|Win32
		{046F0185-971B-4CD6-A7A6-177E808290B6}.Release|x64.ActiveCfg = Release|x64
		{046F0185-971B-4CD6-A7A6-177E808290B6}.Release|x64.Build.0 = Release|x64
		{7FE2E820-6643-4B1D-8374-C369093478EB}.Debug|Win32.ActiveCfg = Debug|Win32
		{7FE2E820-6643-4B1D-8374-C369093478EB}.Debug|Win32.Build.0 = Debug|Win32
		{7FE2E820-6643-4B1D-8374-C369093478EB}.Debug|x64.ActiveCfg = Debug|Win32
		{7FE2E820-6643-4B1D-8374-C369093478EB}.Release|Win32.ActiveCfg = Release|Win32
		{7FE2E820-6643-4B1D-8374-C369093478EB}.Release|Win32.Build.0 = Release|Win32
		{7FE2E820-6643-4B1D-8374-C369093478EB}.Release|x64.ActiveCfg = Release|Win32
	EndGlobalSection
	GlobalSection(SolutionProperties) = preSolution
		HideSolutionNode = FALSE
	EndGlobalSection
EndGlobal
